
Microsoft Visual Studio Solution File, Format Version 12.00
# Visual Studio Version 17
VisualStudioVersion = 17.14.37027.9 d17.14
MinimumVisualStudioVersion = 10.0.40219.1
Project("{FAE04EC0-301F-11D3-BF4B-00C04F79EFBC}") = "ChatApp.Server", "ChatApp.Server\ChatApp.Server.csproj", "{50CAE7F2-3989-4655-A132-505D2A331A88}"
EndProject
Project("{FAE04EC0-301F-11D3-BF4B-00C04F79EFBC}") = "ChatApp.Client", "ChatApp.Client\ChatApp.Client.csproj", "{53A7FEA4-15F9-47EF-8DED-028E0A639B1B}"
EndProject
Project("{FAE04EC0-301F-11D3-BF4B-00C04F79EFBC}") = "ChatApp.Shared", "ChatApp.Shared\ChatApp.Shared.csproj", "{6015C6C5-5344-4994-AEC6-19FA47952849}"
EndProject
Global
	GlobalSection(SolutionConfigurationPlatforms) = preSolution
		Debug|Any CPU = Debug|Any CPU
		Release|Any CPU = Release|Any CPU
	EndGlobalSection
	GlobalSection(ProjectConfigurationPlatforms) = postSolution
		{50CAE7F2-3989-4655-A132-505D2A331A88}.Debug|Any CPU.ActiveCfg = Debug|Any CPU
		{50CAE7F2-3989-4655-A132-505D2A331A88}.Debug|Any CPU.Build.0 = Debug|Any CPU
		{50CAE7F2-3989-4655-A132-505D2A331A88}.Release|Any CPU.ActiveCfg = Release|Any CPU
		{50CAE7F2-3989-4655-A132-505D2A331A88}.Release|Any CPU.Build.0 = Release|Any CPU
		{53A7FEA4-15F9-47EF-8DED-028E0A639B1B}.Debug|Any CPU.ActiveCfg = Debug|Any CPU
		{53A7FEA4-15F9-47EF-8DED-028E0A639B1B}.Debug|Any CPU.Build.0 = Debug|Any CPU
		{53A7FEA4-15F9-47EF-8DED-028E0A639B1B}.Release|Any CPU.ActiveCfg = Release|Any CPU
		{53A7FEA4-15F9-47EF-8DED-028E0A639B1B}.Release|Any CPU.Build.0 = Release|Any CPU
		{6015C6C5-5344-4994-AEC6-19FA47952849}.Debug|Any CPU.ActiveCfg = Debug|Any CPU
		{6015C6C5-5344-4994-AEC6-19FA47952849}.Debug|Any CPU.Build.0 = Debug|Any CPU
		{6015C6C5-5344-4994-AEC6-19FA47952849}.Release|Any CPU.ActiveCfg = Release|Any CPU
		{6015C6C5-5344-4994-AEC6-19FA47952849}.Release|Any CPU.Build.0 = Release|Any CPU
	EndGlobalSection
	GlobalSection(SolutionProperties) = preSolution
		HideSolutionNode = FALSE
	EndGlobalSection
	GlobalSection(ExtensibilityGlobals) = postSolution
		SolutionGuid = {2470A8C0-0B4B-418E-BC27-81694963EE8B}
	EndGlobalSection
EndGlobal
